// !$*UTF8*$!
{
	archiveVersion = 1;
	classes = {
	};
	objectVersion = 50;
	objects = {

/* Begin PBXBuildFile section */
		1D7F4560AC002E9132C558BD /* Pods_Tamafoodie.framework in Frameworks */ = {isa = PBXBuildFile; fileRef = 8147FDB8192A481CF6C830E4 /* Pods_Tamafoodie.framework */; };
		B86CE71124A527C500FD3432 /* GoogleService-Info.plist in Resources */ = {isa = PBXBuildFile; fileRef = B86CE71024A527C500FD3432 /* GoogleService-Info.plist */; };
		D415F56C24A50B18009320D0 /* SelectCharacterScreen.swift in Sources */ = {isa = PBXBuildFile; fileRef = D415F56B24A50B18009320D0 /* SelectCharacterScreen.swift */; };
		D415F56E24A50B4F009320D0 /* MainScreen.swift in Sources */ = {isa = PBXBuildFile; fileRef = D415F56D24A50B4F009320D0 /* MainScreen.swift */; };
		D497E12C249A3CDA0052BDE1 /* AppDelegate.swift in Sources */ = {isa = PBXBuildFile; fileRef = D497E12B249A3CDA0052BDE1 /* AppDelegate.swift */; };
		D497E12E249A3CDA0052BDE1 /* SceneDelegate.swift in Sources */ = {isa = PBXBuildFile; fileRef = D497E12D249A3CDA0052BDE1 /* SceneDelegate.swift */; };
		D497E130249A3CDA0052BDE1 /* ViewController.swift in Sources */ = {isa = PBXBuildFile; fileRef = D497E12F249A3CDA0052BDE1 /* ViewController.swift */; };
		D497E133249A3CDA0052BDE1 /* Main.storyboard in Resources */ = {isa = PBXBuildFile; fileRef = D497E131249A3CDA0052BDE1 /* Main.storyboard */; };
		D497E135249A3CDB0052BDE1 /* Assets.xcassets in Resources */ = {isa = PBXBuildFile; fileRef = D497E134249A3CDB0052BDE1 /* Assets.xcassets */; };
		D497E138249A3CDB0052BDE1 /* LaunchScreen.storyboard in Resources */ = {isa = PBXBuildFile; fileRef = D497E136249A3CDB0052BDE1 /* LaunchScreen.storyboard */; };
		D4E1AEBF24A50F9F00E1C273 /* SignUpScreen.swift in Sources */ = {isa = PBXBuildFile; fileRef = D4E1AEBE24A50F9F00E1C273 /* SignUpScreen.swift */; };
		D4E1AEC324A5227400E1C273 /* MarketScreen.swift in Sources */ = {isa = PBXBuildFile; fileRef = D4E1AEC224A5227400E1C273 /* MarketScreen.swift */; };
		D4E1AEC524A5228600E1C273 /* GymScreen.swift in Sources */ = {isa = PBXBuildFile; fileRef = D4E1AEC424A5228600E1C273 /* GymScreen.swift */; };
		D4E1AEC724A5229300E1C273 /* VetScreen.swift in Sources */ = {isa = PBXBuildFile; fileRef = D4E1AEC624A5229300E1C273 /* VetScreen.swift */; };
/* End PBXBuildFile section */

/* Begin PBXFileReference section */
		8147FDB8192A481CF6C830E4 /* Pods_Tamafoodie.framework */ = {isa = PBXFileReference; explicitFileType = wrapper.framework; includeInIndex = 0; path = Pods_Tamafoodie.framework; sourceTree = BUILT_PRODUCTS_DIR; };
		94A1FD95553FD1805C9C9866 /* Pods-Tamafoodie.debug.xcconfig */ = {isa = PBXFileReference; includeInIndex = 1; lastKnownFileType = text.xcconfig; name = "Pods-Tamafoodie.debug.xcconfig"; path = "Target Support Files/Pods-Tamafoodie/Pods-Tamafoodie.debug.xcconfig"; sourceTree = "<group>"; };
		B86CE71024A527C500FD3432 /* GoogleService-Info.plist */ = {isa = PBXFileReference; fileEncoding = 4; lastKnownFileType = text.plist.xml; path = "GoogleService-Info.plist"; sourceTree = "<group>"; };
		D415F56B24A50B18009320D0 /* SelectCharacterScreen.swift */ = {isa = PBXFileReference; lastKnownFileType = sourcecode.swift; path = SelectCharacterScreen.swift; sourceTree = "<group>"; };
		D415F56D24A50B4F009320D0 /* MainScreen.swift */ = {isa = PBXFileReference; lastKnownFileType = sourcecode.swift; path = MainScreen.swift; sourceTree = "<group>"; };
		D497E128249A3CDA0052BDE1 /* Tamafoodie.app */ = {isa = PBXFileReference; explicitFileType = wrapper.application; includeInIndex = 0; path = Tamafoodie.app; sourceTree = BUILT_PRODUCTS_DIR; };
		D497E12B249A3CDA0052BDE1 /* AppDelegate.swift */ = {isa = PBXFileReference; lastKnownFileType = sourcecode.swift; path = AppDelegate.swift; sourceTree = "<group>"; };
		D497E12D249A3CDA0052BDE1 /* SceneDelegate.swift */ = {isa = PBXFileReference; lastKnownFileType = sourcecode.swift; path = SceneDelegate.swift; sourceTree = "<group>"; };
		D497E12F249A3CDA0052BDE1 /* ViewController.swift */ = {isa = PBXFileReference; lastKnownFileType = sourcecode.swift; path = ViewController.swift; sourceTree = "<group>"; };
		D497E132249A3CDA0052BDE1 /* Base */ = {isa = PBXFileReference; lastKnownFileType = file.storyboard; name = Base; path = Base.lproj/Main.storyboard; sourceTree = "<group>"; };
		D497E134249A3CDB0052BDE1 /* Assets.xcassets */ = {isa = PBXFileReference; lastKnownFileType = folder.assetcatalog; path = Assets.xcassets; sourceTree = "<group>"; };
		D497E137249A3CDB0052BDE1 /* Base */ = {isa = PBXFileReference; lastKnownFileType = file.storyboard; name = Base; path = Base.lproj/LaunchScreen.storyboard; sourceTree = "<group>"; };
		D497E139249A3CDB0052BDE1 /* Info.plist */ = {isa = PBXFileReference; lastKnownFileType = text.plist.xml; path = Info.plist; sourceTree = "<group>"; };
		D4E1AEBE24A50F9F00E1C273 /* SignUpScreen.swift */ = {isa = PBXFileReference; lastKnownFileType = sourcecode.swift; path = SignUpScreen.swift; sourceTree = "<group>"; };
		D4E1AEC224A5227400E1C273 /* MarketScreen.swift */ = {isa = PBXFileReference; lastKnownFileType = sourcecode.swift; path = MarketScreen.swift; sourceTree = "<group>"; };
		D4E1AEC424A5228600E1C273 /* GymScreen.swift */ = {isa = PBXFileReference; lastKnownFileType = sourcecode.swift; path = GymScreen.swift; sourceTree = "<group>"; };
		D4E1AEC624A5229300E1C273 /* VetScreen.swift */ = {isa = PBXFileReference; lastKnownFileType = sourcecode.swift; path = VetScreen.swift; sourceTree = "<group>"; };
		F4E0F5B5D0B72B6109A1D335 /* Pods-Tamafoodie.release.xcconfig */ = {isa = PBXFileReference; includeInIndex = 1; lastKnownFileType = text.xcconfig; name = "Pods-Tamafoodie.release.xcconfig"; path = "Target Support Files/Pods-Tamafoodie/Pods-Tamafoodie.release.xcconfig"; sourceTree = "<group>"; };
/* End PBXFileReference section */

/* Begin PBXFrameworksBuildPhase section */
		D497E125249A3CDA0052BDE1 /* Frameworks */ = {
			isa = PBXFrameworksBuildPhase;
			buildActionMask = 2147483647;
			files = (
				1D7F4560AC002E9132C558BD /* Pods_Tamafoodie.framework in Frameworks */,
			);
			runOnlyForDeploymentPostprocessing = 0;
		};
/* End PBXFrameworksBuildPhase section */

/* Begin PBXGroup section */
		771FEF5D2B14A7CBBDC19CA5 /* Frameworks */ = {
			isa = PBXGroup;
			children = (
				8147FDB8192A481CF6C830E4 /* Pods_Tamafoodie.framework */,
			);
			name = Frameworks;
			sourceTree = "<group>";
		};
		967060B9D1E67D20757C2D97 /* Pods */ = {
			isa = PBXGroup;
			children = (
				94A1FD95553FD1805C9C9866 /* Pods-Tamafoodie.debug.xcconfig */,
				F4E0F5B5D0B72B6109A1D335 /* Pods-Tamafoodie.release.xcconfig */,
			);
			name = Pods;
			path = Pods;
			sourceTree = "<group>";
		};
		D497E11F249A3CDA0052BDE1 = {
			isa = PBXGroup;
			children = (
				D497E12A249A3CDA0052BDE1 /* Tamafoodie */,
				D497E129249A3CDA0052BDE1 /* Products */,
				967060B9D1E67D20757C2D97 /* Pods */,
				771FEF5D2B14A7CBBDC19CA5 /* Frameworks */,
			);
			sourceTree = "<group>";
		};
		D497E129249A3CDA0052BDE1 /* Products */ = {
			isa = PBXGroup;
			children = (
				D497E128249A3CDA0052BDE1 /* Tamafoodie.app */,
			);
			name = Products;
			sourceTree = "<group>";
		};
		D497E12A249A3CDA0052BDE1 /* Tamafoodie */ = {
			isa = PBXGroup;
			children = (
				D497E12B249A3CDA0052BDE1 /* AppDelegate.swift */,
				D497E12D249A3CDA0052BDE1 /* SceneDelegate.swift */,
				D497E12F249A3CDA0052BDE1 /* ViewController.swift */,
				D4E1AEBE24A50F9F00E1C273 /* SignUpScreen.swift */,
				D415F56B24A50B18009320D0 /* SelectCharacterScreen.swift */,
				D415F56D24A50B4F009320D0 /* MainScreen.swift */,
				D497E131249A3CDA0052BDE1 /* Main.storyboard */,
				D497E134249A3CDB0052BDE1 /* Assets.xcassets */,
				D497E136249A3CDB0052BDE1 /* LaunchScreen.storyboard */,
				D4E1AEC224A5227400E1C273 /* MarketScreen.swift */,
				D4E1AEC424A5228600E1C273 /* GymScreen.swift */,
				D4E1AEC624A5229300E1C273 /* VetScreen.swift */,
				D497E139249A3CDB0052BDE1 /* Info.plist */,
				B86CE71024A527C500FD3432 /* GoogleService-Info.plist */,
			);
			path = Tamafoodie;
			sourceTree = "<group>";
		};
/* End PBXGroup section */

/* Begin PBXNativeTarget section */
		D497E127249A3CDA0052BDE1 /* Tamafoodie */ = {
			isa = PBXNativeTarget;
			buildConfigurationList = D497E13C249A3CDB0052BDE1 /* Build configuration list for PBXNativeTarget "Tamafoodie" */;
			buildPhases = (
				04790C2D8E2B7EF714978295 /* [CP] Check Pods Manifest.lock */,
				D497E124249A3CDA0052BDE1 /* Sources */,
				D497E125249A3CDA0052BDE1 /* Frameworks */,
				D497E126249A3CDA0052BDE1 /* Resources */,
				EAA552084DA47B55AB4BADCB /* [CP] Embed Pods Frameworks */,
			);
			buildRules = (
			);
			dependencies = (
			);
			name = Tamafoodie;
			productName = Tamafoodie;
			productReference = D497E128249A3CDA0052BDE1 /* Tamafoodie.app */;
			productType = "com.apple.product-type.application";
		};
/* End PBXNativeTarget section */

/* Begin PBXProject section */
		D497E120249A3CDA0052BDE1 /* Project object */ = {
			isa = PBXProject;
			attributes = {
				LastSwiftUpdateCheck = 1140;
				LastUpgradeCheck = 1140;
				ORGANIZATIONNAME = "Toh Joey";
				TargetAttributes = {
					D497E127249A3CDA0052BDE1 = {
						CreatedOnToolsVersion = 11.4.1;
					};
				};
			};
			buildConfigurationList = D497E123249A3CDA0052BDE1 /* Build configuration list for PBXProject "Tamafoodie" */;
			compatibilityVersion = "Xcode 9.3";
			developmentRegion = en;
			hasScannedForEncodings = 0;
			knownRegions = (
				en,
				Base,
			);
			mainGroup = D497E11F249A3CDA0052BDE1;
			productRefGroup = D497E129249A3CDA0052BDE1 /* Products */;
			projectDirPath = "";
			projectRoot = "";
			targets = (
				D497E127249A3CDA0052BDE1 /* Tamafoodie */,
			);
		};
/* End PBXProject section */

/* Begin PBXResourcesBuildPhase section */
		D497E126249A3CDA0052BDE1 /* Resources */ = {
			isa = PBXResourcesBuildPhase;
			buildActionMask = 2147483647;
			files = (
				D497E138249A3CDB0052BDE1 /* LaunchScreen.storyboard in Resources */,
				B86CE71124A527C500FD3432 /* GoogleService-Info.plist in Resources */,
				D497E135249A3CDB0052BDE1 /* Assets.xcassets in Resources */,
				D497E133249A3CDA0052BDE1 /* Main.storyboard in Resources */,
			);
			runOnlyForDeploymentPostprocessing = 0;
		};
/* End PBXResourcesBuildPhase section */

/* Begin PBXShellScriptBuildPhase section */
		04790C2D8E2B7EF714978295 /* [CP] Check Pods Manifest.lock */ = {
			isa = PBXShellScriptBuildPhase;
			buildActionMask = 2147483647;
			files = (
			);
			inputFileListPaths = (
			);
			inputPaths = (
				"${PODS_PODFILE_DIR_PATH}/Podfile.lock",
				"${PODS_ROOT}/Manifest.lock",
			);
			name = "[CP] Check Pods Manifest.lock";
			outputFileListPaths = (
			);
			outputPaths = (
				"$(DERIVED_FILE_DIR)/Pods-Tamafoodie-checkManifestLockResult.txt",
			);
			runOnlyForDeploymentPostprocessing = 0;
			shellPath = /bin/sh;
			shellScript = "diff \"${PODS_PODFILE_DIR_PATH}/Podfile.lock\" \"${PODS_ROOT}/Manifest.lock\" > /dev/null\nif [ $? != 0 ] ; then\n    # print error to STDERR\n    echo \"error: The sandbox is not in sync with the Podfile.lock. Run 'pod install' or update your CocoaPods installation.\" >&2\n    exit 1\nfi\n# This output is used by Xcode 'outputs' to avoid re-running this script phase.\necho \"SUCCESS\" > \"${SCRIPT_OUTPUT_FILE_0}\"\n";
			showEnvVarsInLog = 0;
		};
		EAA552084DA47B55AB4BADCB /* [CP] Embed Pods Frameworks */ = {
			isa = PBXShellScriptBuildPhase;
			buildActionMask = 2147483647;
			files = (
			);
			inputFileListPaths = (
				"${PODS_ROOT}/Target Support Files/Pods-Tamafoodie/Pods-Tamafoodie-frameworks-${CONFIGURATION}-input-files.xcfilelist",
			);
			name = "[CP] Embed Pods Frameworks";
			outputFileListPaths = (
				"${PODS_ROOT}/Target Support Files/Pods-Tamafoodie/Pods-Tamafoodie-frameworks-${CONFIGURATION}-output-files.xcfilelist",
			);
			runOnlyForDeploymentPostprocessing = 0;
			shellPath = /bin/sh;
			shellScript = "\"${PODS_ROOT}/Target Support Files/Pods-Tamafoodie/Pods-Tamafoodie-frameworks.sh\"\n";
			showEnvVarsInLog = 0;
		};
/* End PBXShellScriptBuildPhase section */

/* Begin PBXSourcesBuildPhase section */
		D497E124249A3CDA0052BDE1 /* Sources */ = {
			isa = PBXSourcesBuildPhase;
			buildActionMask = 2147483647;
			files = (
				D497E130249A3CDA0052BDE1 /* ViewController.swift in Sources */,
				D497E12C249A3CDA0052BDE1 /* AppDelegate.swift in Sources */,
				D415F56E24A50B4F009320D0 /* MainScreen.swift in Sources */,
				D497E12E249A3CDA0052BDE1 /* SceneDelegate.swift in Sources */,
				D4E1AEC724A5229300E1C273 /* VetScreen.swift in Sources */,
				D4E1AEC324A5227400E1C273 /* MarketScreen.swift in Sources */,
				D415F56C24A50B18009320D0 /* SelectCharacterScreen.swift in Sources */,
				D4E1AEBF24A50F9F00E1C273 /* SignUpScreen.swift in Sources */,
				D4E1AEC524A5228600E1C273 /* GymScreen.swift in Sources */,
			);
			runOnlyForDeploymentPostprocessing = 0;
		};
/* End PBXSourcesBuildPhase section */

/* Begin PBXVariantGroup section */
		D497E131249A3CDA0052BDE1 /* Main.storyboard */ = {
			isa = PBXVariantGroup;
			children = (
				D497E132249A3CDA0052BDE1 /* Base */,
			);
			name = Main.storyboard;
			sourceTree = "<group>";
		};
		D497E136249A3CDB0052BDE1 /* LaunchScreen.storyboard */ = {
			isa = PBXVariantGroup;
			children = (
				D497E137249A3CDB0052BDE1 /* Base */,
			);
			name = LaunchScreen.storyboard;
			sourceTree = "<group>";
		};
/* End PBXVariantGroup section */

/* Begin XCBuildConfiguration section */
		D497E13A249A3CDB0052BDE1 /* Debug */ = {
			isa = XCBuildConfiguration;
			buildSettings = {
				ALWAYS_SEARCH_USER_PATHS = NO;
				CLANG_ANALYZER_NONNULL = YES;
				CLANG_ANALYZER_NUMBER_OBJECT_CONVERSION = YES_AGGRESSIVE;
				CLANG_CXX_LANGUAGE_STANDARD = "gnu++14";
				CLANG_CXX_LIBRARY = "libc++";
				CLANG_ENABLE_MODULES = YES;
				CLANG_ENABLE_OBJC_ARC = YES;
				CLANG_ENABLE_OBJC_WEAK = YES;
				CLANG_WARN_BLOCK_CAPTURE_AUTORELEASING = YES;
				CLANG_WARN_BOOL_CONVERSION = YES;
				CLANG_WARN_COMMA = YES;
				CLANG_WARN_CONSTANT_CONVERSION = YES;
				CLANG_WARN_DEPRECATED_OBJC_IMPLEMENTATIONS = YES;
				CLANG_WARN_DIRECT_OBJC_ISA_USAGE = YES_ERROR;
				CLANG_WARN_DOCUMENTATION_COMMENTS = YES;
				CLANG_WARN_EMPTY_BODY = YES;
				CLANG_WARN_ENUM_CONVERSION = YES;
				CLANG_WARN_INFINITE_RECURSION = YES;
				CLANG_WARN_INT_CONVERSION = YES;
				CLANG_WARN_NON_LITERAL_NULL_CONVERSION = YES;
				CLANG_WARN_OBJC_IMPLICIT_RETAIN_SELF = YES;
				CLANG_WARN_OBJC_LITERAL_CONVERSION = YES;
				CLANG_WARN_OBJC_ROOT_CLASS = YES_ERROR;
				CLANG_WARN_RANGE_LOOP_ANALYSIS = YES;
				CLANG_WARN_STRICT_PROTOTYPES = YES;
				CLANG_WARN_SUSPICIOUS_MOVE = YES;
				CLANG_WARN_UNGUARDED_AVAILABILITY = YES_AGGRESSIVE;
				CLANG_WARN_UNREACHABLE_CODE = YES;
				CLANG_WARN__DUPLICATE_METHOD_MATCH = YES;
				COPY_PHASE_STRIP = NO;
				DEBUG_INFORMATION_FORMAT = dwarf;
				ENABLE_STRICT_OBJC_MSGSEND = YES;
				ENABLE_TESTABILITY = YES;
				GCC_C_LANGUAGE_STANDARD = gnu11;
				GCC_DYNAMIC_NO_PIC = NO;
				GCC_NO_COMMON_BLOCKS = YES;
				GCC_OPTIMIZATION_LEVEL = 0;
				GCC_PREPROCESSOR_DEFINITIONS = (
					"DEBUG=1",
					"$(inherited)",
				);
				GCC_WARN_64_TO_32_BIT_CONVERSION = YES;
				GCC_WARN_ABOUT_RETURN_TYPE = YES_ERROR;
				GCC_WARN_UNDECLARED_SELECTOR = YES;
				GCC_WARN_UNINITIALIZED_AUTOS = YES_AGGRESSIVE;
				GCC_WARN_UNUSED_FUNCTION = YES;
				GCC_WARN_UNUSED_VARIABLE = YES;
				IPHONEOS_DEPLOYMENT_TARGET = 13.4;
				MTL_ENABLE_DEBUG_INFO = INCLUDE_SOURCE;
				MTL_FAST_MATH = YES;
				ONLY_ACTIVE_ARCH = YES;
				SDKROOT = iphoneos;
				SWIFT_ACTIVE_COMPILATION_CONDITIONS = DEBUG;
				SWIFT_OPTIMIZATION_LEVEL = "-Onone";
			};
			name = Debug;
		};
		D497E13B249A3CDB0052BDE1 /* Release */ = {
			isa = XCBuildConfiguration;
			buildSettings = {
				ALWAYS_SEARCH_USER_PATHS = NO;
				CLANG_ANALYZER_NONNULL = YES;
				CLANG_ANALYZER_NUMBER_OBJECT_CONVERSION = YES_AGGRESSIVE;
				CLANG_CXX_LANGUAGE_STANDARD = "gnu++14";
				CLANG_CXX_LIBRARY = "libc++";
				CLANG_ENABLE_MODULES = YES;
				CLANG_ENABLE_OBJC_ARC = YES;
				CLANG_ENABLE_OBJC_WEAK = YES;
				CLANG_WARN_BLOCK_CAPTURE_AUTORELEASING = YES;
				CLANG_WARN_BOOL_CONVERSION = YES;
				CLANG_WARN_COMMA = YES;
				CLANG_WARN_CONSTANT_CONVERSION = YES;
				CLANG_WARN_DEPRECATED_OBJC_IMPLEMENTATIONS = YES;
				CLANG_WARN_DIRECT_OBJC_ISA_USAGE = YES_ERROR;
				CLANG_WARN_DOCUMENTATION_COMMENTS = YES;
				CLANG_WARN_EMPTY_BODY = YES;
				CLANG_WARN_ENUM_CONVERSION = YES;
				CLANG_WARN_INFINITE_RECURSION = YES;
				CLANG_WARN_INT_CONVERSION = YES;
				CLANG_WARN_NON_LITERAL_NULL_CONVERSION = YES;
				CLANG_WARN_OBJC_IMPLICIT_RETAIN_SELF = YES;
				CLANG_WARN_OBJC_LITERAL_CONVERSION = YES;
				CLANG_WARN_OBJC_ROOT_CLASS = YES_ERROR;
				CLANG_WARN_RANGE_LOOP_ANALYSIS = YES;
				CLANG_WARN_STRICT_PROTOTYPES = YES;
				CLANG_WARN_SUSPICIOUS_MOVE = YES;
				CLANG_WARN_UNGUARDED_AVAILABILITY = YES_AGGRESSIVE;
				CLANG_WARN_UNREACHABLE_CODE = YES;
				CLANG_WARN__DUPLICATE_METHOD_MATCH = YES;
				COPY_PHASE_STRIP = NO;
				DEBUG_INFORMATION_FORMAT = "dwarf-with-dsym";
				ENABLE_NS_ASSERTIONS = NO;
				ENABLE_STRICT_OBJC_MSGSEND = YES;
				GCC_C_LANGUAGE_STANDARD = gnu11;
				GCC_NO_COMMON_BLOCKS = YES;
				GCC_WARN_64_TO_32_BIT_CONVERSION = YES;
				GCC_WARN_ABOUT_RETURN_TYPE = YES_ERROR;
				GCC_WARN_UNDECLARED_SELECTOR = YES;
				GCC_WARN_UNINITIALIZED_AUTOS = YES_AGGRESSIVE;
				GCC_WARN_UNUSED_FUNCTION = YES;
				GCC_WARN_UNUSED_VARIABLE = YES;
				IPHONEOS_DEPLOYMENT_TARGET = 13.4;
				MTL_ENABLE_DEBUG_INFO = NO;
				MTL_FAST_MATH = YES;
				SDKROOT = iphoneos;
				SWIFT_COMPILATION_MODE = wholemodule;
				SWIFT_OPTIMIZATION_LEVEL = "-O";
				VALIDATE_PRODUCT = YES;
			};
			name = Release;
		};
		D497E13D249A3CDB0052BDE1 /* Debug */ = {
			isa = XCBuildConfiguration;
			baseConfigurationReference = 94A1FD95553FD1805C9C9866 /* Pods-Tamafoodie.debug.xcconfig */;
			buildSettings = {
				ASSETCATALOG_COMPILER_APPICON_NAME = AppIcon;
				CODE_SIGN_STYLE = Automatic;
				INFOPLIST_FILE = Tamafoodie/Info.plist;
				LD_RUNPATH_SEARCH_PATHS = (
					"$(inherited)",
					"@executable_path/Frameworks",
				);
				PRODUCT_BUNDLE_IDENTIFIER = "com.Joey-Toh.Tamafoodie";
				PRODUCT_NAME = "$(TARGET_NAME)";
				SWIFT_VERSION = 5.0;
				TARGETED_DEVICE_FAMILY = "1,2";
			};
			name = Debug;
		};
		D497E13E249A3CDB0052BDE1 /* Release */ = {
			isa = XCBuildConfiguration;
			baseConfigurationReference = F4E0F5B5D0B72B6109A1D335 /* Pods-Tamafoodie.release.xcconfig */;
			buildSettings = {
				ASSETCATALOG_COMPILER_APPICON_NAME = AppIcon;
				CODE_SIGN_STYLE = Automatic;
				INFOPLIST_FILE = Tamafoodie/Info.plist;
				LD_RUNPATH_SEARCH_PATHS = (
					"$(inherited)",
					"@executable_path/Frameworks",
				);
				PRODUCT_BUNDLE_IDENTIFIER = "com.Joey-Toh.Tamafoodie";
				PRODUCT_NAME = "$(TARGET_NAME)";
				SWIFT_VERSION = 5.0;
				TARGETED_DEVICE_FAMILY = "1,2";
			};
			name = Release;
		};
/* End XCBuildConfiguration section */

/* Begin XCConfigurationList section */
		D497E123249A3CDA0052BDE1 /* Build configuration list for PBXProject "Tamafoodie" */ = {
			isa = XCConfigurationList;
			buildConfigurations = (
				D497E13A249A3CDB0052BDE1 /* Debug */,
				D497E13B249A3CDB0052BDE1 /* Release */,
			);
			defaultConfigurationIsVisible = 0;
			defaultConfigurationName = Release;
		};
		D497E13C249A3CDB0052BDE1 /* Build configuration list for PBXNativeTarget "Tamafoodie" */ = {
			isa = XCConfigurationList;
			buildConfigurations = (
				D497E13D249A3CDB0052BDE1 /* Debug */,
				D497E13E249A3CDB0052BDE1 /* Release */,
			);
			defaultConfigurationIsVisible = 0;
			defaultConfigurationName = Release;
		};
/* End XCConfigurationList section */
	};
	rootObject = D497E120249A3CDA0052BDE1 /* Project object */;
}
